
Microsoft Visual Studio Solution File, Format Version 11.00
# Visual Studio 2010
Project("{FAE04EC0-301F-11D3-BF4B-00C04F79EFBC}") = "Assembly-CSharp", "Assembly-CSharp.csproj", "{2D01044C-2747-C982-1727-A3C48C6F0A62}"
EndProject
Project("{FAE04EC0-301F-11D3-BF4B-00C04F79EFBC}") = "Assembly-CSharp-firstpass", "Assembly-CSharp-firstpass.csproj", "{0F456EA5-E1C5-9905-1E2F-95BEA9DAADED}"
EndProject
Project("{FAE04EC0-301F-11D3-BF4B-00C04F79EFBC}") = "Assembly-CSharp-Editor", "Assembly-CSharp-Editor.csproj", "{086A7E44-12C2-5E55-35AA-FE8FF5FF5022}"
EndProject
Global
	GlobalSection(SolutionConfigurationPlatforms) = preSolution
		Debug|Any CPU = Debug|Any CPU
		Release|Any CPU = Release|Any CPU
	EndGlobalSection
	GlobalSection(ProjectConfigurationPlatforms) = postSolution
		{2D01044C-2747-C982-1727-A3C48C6F0A62}.Debug|Any CPU.ActiveCfg = Debug|Any CPU
		{2D01044C-2747-C982-1727-A3C48C6F0A62}.Debug|Any CPU.Build.0 = Debug|Any CPU
		{2D01044C-2747-C982-1727-A3C48C6F0A62}.Release|Any CPU.ActiveCfg = Release|Any CPU
		{2D01044C-2747-C982-1727-A3C48C6F0A62}.Release|Any CPU.Build.0 = Release|Any CPU
		{0F456EA5-E1C5-9905-1E2F-95BEA9DAADED}.Debug|Any CPU.ActiveCfg = Debug|Any CPU
		{0F456EA5-E1C5-9905-1E2F-95BEA9DAADED}.Debug|Any CPU.Build.0 = Debug|Any CPU
		{0F456EA5-E1C5-9905-1E2F-95BEA9DAADED}.Release|Any CPU.ActiveCfg = Release|Any CPU
		{0F456EA5-E1C5-9905-1E2F-95BEA9DAADED}.Release|Any CPU.Build.0 = Release|Any CPU
		{086A7E44-12C2-5E55-35AA-FE8FF5FF5022}.Debug|Any CPU.ActiveCfg = Debug|Any CPU
		{086A7E44-12C2-5E55-35AA-FE8FF5FF5022}.Debug|Any CPU.Build.0 = Debug|Any CPU
		{086A7E44-12C2-5E55-35AA-FE8FF5FF5022}.Release|Any CPU.ActiveCfg = Release|Any CPU
		{086A7E44-12C2-5E55-35AA-FE8FF5FF5022}.Release|Any CPU.Build.0 = Release|Any CPU
	EndGlobalSection
	GlobalSection(SolutionProperties) = preSolution
		HideSolutionNode = FALSE
	EndGlobalSection
EndGlobal
